// !$*UTF8*$!
{
	archiveVersion = 1;
	classes = {
	};
	objectVersion = 46;
	objects = {

/* Begin PBXBuildFile section */
		E7927E4A1E6D4ECD00AD847B /* main.cpp in Sources */ = {isa = PBXBuildFile; fileRef = E7927E491E6D4ECD00AD847B /* main.cpp */; };
		E7927E511E6D4EDD00AD847B /* hcn.cpp in Sources */ = {isa = PBXBuildFile; fileRef = E7927E501E6D4EDD00AD847B /* hcn.cpp */; };
		E7927E531E6D4EE800AD847B /* hv.cpp in Sources */ = {isa = PBXBuildFile; fileRef = E7927E521E6D4EE800AD847B /* hv.cpp */; };
/* End PBXBuildFile section */

/* Begin PBXCopyFilesBuildPhase section */
		E7927E441E6D4ECD00AD847B /* CopyFiles */ = {
			isa = PBXCopyFilesBuildPhase;
			buildActionMask = 2147483647;
			dstPath = /usr/share/man/man1/;
			dstSubfolderSpec = 0;
			files = (
			);
			runOnlyForDeploymentPostprocessing = 1;
		};
/* End PBXCopyFilesBuildPhase section */

/* Begin PBXFileReference section */
		E7927E461E6D4ECD00AD847B /* HCN OOP */ = {isa = PBXFileReference; explicitFileType = "compiled.mach-o.executable"; includeInIndex = 0; path = "HCN OOP"; sourceTree = BUILT_PRODUCTS_DIR; };
		E7927E491E6D4ECD00AD847B /* main.cpp */ = {isa = PBXFileReference; lastKnownFileType = sourcecode.cpp.cpp; path = main.cpp; sourceTree = "<group>"; };
		E7927E501E6D4EDD00AD847B /* hcn.cpp */ = {isa = PBXFileReference; fileEncoding = 4; lastKnownFileType = sourcecode.cpp.cpp; path = hcn.cpp; sourceTree = "<group>"; };
		E7927E521E6D4EE800AD847B /* hv.cpp */ = {isa = PBXFileReference; fileEncoding = 4; lastKnownFileType = sourcecode.cpp.cpp; path = hv.cpp; sourceTree = "<group>"; };
/* End PBXFileReference section */

/* Begin PBXFrameworksBuildPhase section */
		E7927E431E6D4ECD00AD847B /* Frameworks */ = {
			isa = PBXFrameworksBuildPhase;
			buildActionMask = 2147483647;
			files = (
			);
			runOnlyForDeploymentPostprocessing = 0;
		};
/* End PBXFrameworksBuildPhase section */

/* Begin PBXGroup section */
		E7927E3D1E6D4ECD00AD847B = {
			isa = PBXGroup;
			children = (
				E7927E481E6D4ECD00AD847B /* HCN OOP */,
				E7927E471E6D4ECD00AD847B /* Products */,
			);
			sourceTree = "<group>";
		};
		E7927E471E6D4ECD00AD847B /* Products */ = {
			isa = PBXGroup;
			children = (
				E7927E461E6D4ECD00AD847B /* HCN OOP */,
			);
			name = Products;
			sourceTree = "<group>";
		};
		E7927E481E6D4ECD00AD847B /* HCN OOP */ = {
			isa = PBXGroup;
			children = (
				E7927E491E6D4ECD00AD847B /* main.cpp */,
				E7927E501E6D4EDD00AD847B /* hcn.cpp */,
				E7927E521E6D4EE800AD847B /* hv.cpp */,
			);
			path = "HCN OOP";
			sourceTree = "<group>";
		};
/* End PBXGroup section */

/* Begin PBXNativeTarget section */
		E7927E451E6D4ECD00AD847B /* HCN OOP */ = {
			isa = PBXNativeTarget;
			buildConfigurationList = E7927E4D1E6D4ECD00AD847B /* Build configuration list for PBXNativeTarget "HCN OOP" */;
			buildPhases = (
				E7927E421E6D4ECD00AD847B /* Sources */,
				E7927E431E6D4ECD00AD847B /* Frameworks */,
				E7927E441E6D4ECD00AD847B /* CopyFiles */,
			);
			buildRules = (
			);
			dependencies = (
			);
			name = "HCN OOP";
			productName = "HCN OOP";
			productReference = E7927E461E6D4ECD00AD847B /* HCN OOP */;
			productType = "com.apple.product-type.tool";
		};
/* End PBXNativeTarget section */

/* Begin PBXProject section */
		E7927E3E1E6D4ECD00AD847B /* Project object */ = {
			isa = PBXProject;
			attributes = {
				LastUpgradeCheck = 0820;
				ORGANIZATIONNAME = io.sonH;
				TargetAttributes = {
					E7927E451E6D4ECD00AD847B = {
						CreatedOnToolsVersion = 8.2.1;
						ProvisioningStyle = Automatic;
					};
				};
			};
			buildConfigurationList = E7927E411E6D4ECD00AD847B /* Build configuration list for PBXProject "HCN OOP" */;
			compatibilityVersion = "Xcode 3.2";
			developmentRegion = English;
			hasScannedForEncodings = 0;
			knownRegions = (
				en,
			);
			mainGroup = E7927E3D1E6D4ECD00AD847B;
			productRefGroup = E7927E471E6D4ECD00AD847B /* Products */;
			projectDirPath = "";
			projectRoot = "";
			targets = (
				E7927E451E6D4ECD00AD847B /* HCN OOP */,
			);
		};
/* End PBXProject section */

/* Begin PBXSourcesBuildPhase section */
		E7927E421E6D4ECD00AD847B /* Sources */ = {
			isa = PBXSourcesBuildPhase;
			buildActionMask = 2147483647;
			files = (
				E7927E4A1E6D4ECD00AD847B /* main.cpp in Sources */,
				E7927E511E6D4EDD00AD847B /* hcn.cpp in Sources */,
				E7927E531E6D4EE800AD847B /* hv.cpp in Sources */,
			);
			runOnlyForDeploymentPostprocessing = 0;
		};
/* End PBXSourcesBuildPhase section */

/* Begin XCBuildConfiguration section */
		E7927E4B1E6D4ECD00AD847B /* Debug */ = {
			isa = XCBuildConfiguration;
			buildSettings = {
				ALWAYS_SEARCH_USER_PATHS = NO;
				CLANG_ANALYZER_NONNULL = YES;
				CLANG_CXX_LANGUAGE_STANDARD = "gnu++0x";
				CLANG_CXX_LIBRARY = "libc++";
				CLANG_ENABLE_MODULES = YES;
				CLANG_ENABLE_OBJC_ARC = YES;
				CLANG_WARN_BOOL_CONVERSION = YES;
				CLANG_WARN_CONSTANT_CONVERSION = YES;
				CLANG_WARN_DIRECT_OBJC_ISA_USAGE = YES_ERROR;
				CLANG_WARN_DOCUMENTATION_COMMENTS = YES;
				CLANG_WARN_EMPTY_BODY = YES;
				CLANG_WARN_ENUM_CONVERSION = YES;
				CLANG_WARN_INFINITE_RECURSION = YES;
				CLANG_WARN_INT_CONVERSION = YES;
				CLANG_WARN_OBJC_ROOT_CLASS = YES_ERROR;
				CLANG_WARN_SUSPICIOUS_MOVE = YES;
				CLANG_WARN_UNREACHABLE_CODE = YES;
				CLANG_WARN__DUPLICATE_METHOD_MATCH = YES;
				CODE_SIGN_IDENTITY = "-";
				COPY_PHASE_STRIP = NO;
				DEBUG_INFORMATION_FORMAT = dwarf;
				ENABLE_STRICT_OBJC_MSGSEND = YES;
				ENABLE_TESTABILITY = YES;
				GCC_C_LANGUAGE_STANDARD = gnu99;
				GCC_DYNAMIC_NO_PIC = NO;
				GCC_NO_COMMON_BLOCKS = YES;
				GCC_OPTIMIZATION_LEVEL = 0;
				GCC_PREPROCESSOR_DEFINITIONS = (
					"DEBUG=1",
					"$(inherited)",
				);
				GCC_WARN_64_TO_32_BIT_CONVERSION = YES;
				GCC_WARN_ABOUT_RETURN_TYPE = YES_ERROR;
				GCC_WARN_UNDECLARED_SELECTOR = YES;
				GCC_WARN_UNINITIALIZED_AUTOS = YES_AGGRESSIVE;
				GCC_WARN_UNUSED_FUNCTION = YES;
				GCC_WARN_UNUSED_VARIABLE = YES;
				MACOSX_DEPLOYMENT_TARGET = 10.12;
				MTL_ENABLE_DEBUG_INFO = YES;
				ONLY_ACTIVE_ARCH = YES;
				SDKROOT = macosx;
			};
			name = Debug;
		};
		E7927E4C1E6D4ECD00AD847B /* Release */ = {
			isa = XCBuildConfiguration;
			buildSettings = {
				ALWAYS_SEARCH_USER_PATHS = NO;
				CLANG_ANALYZER_NONNULL = YES;
				CLANG_CXX_LANGUAGE_STANDARD = "gnu++0x";
				CLANG_CXX_LIBRARY = "libc++";
				CLANG_ENABLE_MODULES = YES;
				CLANG_ENABLE_OBJC_ARC = YES;
				CLANG_WARN_BOOL_CONVERSION = YES;
				CLANG_WARN_CONSTANT_CONVERSION = YES;
				CLANG_WARN_DIRECT_OBJC_ISA_USAGE = YES_ERROR;
				CLANG_WARN_DOCUMENTATION_COMMENTS = YES;
				CLANG_WARN_EMPTY_BODY = YES;
				CLANG_WARN_ENUM_CONVERSION = YES;
				CLANG_WARN_INFINITE_RECURSION = YES;
				CLANG_WARN_INT_CONVERSION = YES;
				CLANG_WARN_OBJC_ROOT_CLASS = YES_ERROR;
				CLANG_WARN_SUSPICIOUS_MOVE = YES;
				CLANG_WARN_UNREACHABLE_CODE = YES;
				CLANG_WARN__DUPLICATE_METHOD_MATCH = YES;
				CODE_SIGN_IDENTITY = "-";
				COPY_PHASE_STRIP = NO;
				DEBUG_INFORMATION_FORMAT = "dwarf-with-dsym";
				ENABLE_NS_ASSERTIONS = NO;
				ENABLE_STRICT_OBJC_MSGSEND = YES;
				GCC_C_LANGUAGE_STANDARD = gnu99;
				GCC_NO_COMMON_BLOCKS = YES;
				GCC_WARN_64_TO_32_BIT_CONVERSION = YES;
				GCC_WARN_ABOUT_RETURN_TYPE = YES_ERROR;
				GCC_WARN_UNDECLARED_SELECTOR = YES;
				GCC_WARN_UNINITIALIZED_AUTOS = YES_AGGRESSIVE;
				GCC_WARN_UNUSED_FUNCTION = YES;
				GCC_WARN_UNUSED_VARIABLE = YES;
				MACOSX_DEPLOYMENT_TARGET = 10.12;
				MTL_ENABLE_DEBUG_INFO = NO;
				SDKROOT = macosx;
			};
			name = Release;
		};
		E7927E4E1E6D4ECD00AD847B /* Debug */ = {
			isa = XCBuildConfiguration;
			buildSettings = {
				PRODUCT_NAME = "$(TARGET_NAME)";
			};
			name = Debug;
		};
		E7927E4F1E6D4ECD00AD847B /* Release */ = {
			isa = XCBuildConfiguration;
			buildSettings = {
				PRODUCT_NAME = "$(TARGET_NAME)";
			};
			name = Release;
		};
/* End XCBuildConfiguration section */

/* Begin XCConfigurationList section */
		E7927E411E6D4ECD00AD847B /* Build configuration list for PBXProject "HCN OOP" */ = {
			isa = XCConfigurationList;
			buildConfigurations = (
				E7927E4B1E6D4ECD00AD847B /* Debug */,
				E7927E4C1E6D4ECD00AD847B /* Release */,
			);
			defaultConfigurationIsVisible = 0;
			defaultConfigurationName = Release;
		};
		E7927E4D1E6D4ECD00AD847B /* Build configuration list for PBXNativeTarget "HCN OOP" */ = {
			isa = XCConfigurationList;
			buildConfigurations = (
				E7927E4E1E6D4ECD00AD847B /* Debug */,
				E7927E4F1E6D4ECD00AD847B /* Release */,
			);
			defaultConfigurationIsVisible = 0;
		};
/* End XCConfigurationList section */
	};
	rootObject = E7927E3E1E6D4ECD00AD847B /* Project object */;
}
