
Microsoft Visual Studio Solution File, Format Version 12.00
# Visual Studio 2012
Project("{8BC9CEB8-8B4A-11D0-8D11-00A0C91BC942}") = "Ma Tran", "Ma Tran\Ma Tran.vcxproj", "{1ED523A7-7091-4BAE-98B7-718E0B3B1AEB}"
EndProject
Global
	GlobalSection(SolutionConfigurationPlatforms) = preSolution
		Debug|Win32 = Debug|Win32
		Release|Win32 = Release|Win32
	EndGlobalSection
	GlobalSection(ProjectConfigurationPlatforms) = postSolution
		{1ED523A7-7091-4BAE-98B7-718E0B3B1AEB}.Debug|Win32.ActiveCfg = Debug|Win32
		{1ED523A7-7091-4BAE-98B7-718E0B3B1AEB}.Debug|Win32.Build.0 = Debug|Win32
		{1ED523A7-7091-4BAE-98B7-718E0B3B1AEB}.Release|Win32.ActiveCfg = Release|Win32
		{1ED523A7-7091-4BAE-98B7-718E0B3B1AEB}.Release|Win32.Build.0 = Release|Win32
	EndGlobalSection
	GlobalSection(SolutionProperties) = preSolution
		HideSolutionNode = FALSE
	EndGlobalSection
EndGlobal
