// !$*UTF8*$!
{
	archiveVersion = 1;
	classes = {
	};
	objectVersion = 46;
	objects = {

/* Begin PBXBuildFile section */
		E7671B091E5B2AF900D33388 /* main.cpp in Sources */ = {isa = PBXBuildFile; fileRef = E7671B081E5B2AF900D33388 /* main.cpp */; };
/* End PBXBuildFile section */

/* Begin PBXCopyFilesBuildPhase section */
		E7671B031E5B2AF800D33388 /* CopyFiles */ = {
			isa = PBXCopyFilesBuildPhase;
			buildActionMask = 2147483647;
			dstPath = /usr/share/man/man1/;
			dstSubfolderSpec = 0;
			files = (
			);
			runOnlyForDeploymentPostprocessing = 1;
		};
/* End PBXCopyFilesBuildPhase section */

/* Begin PBXFileReference section */
		E7671B051E5B2AF900D33388 /* Bai10 */ = {isa = PBXFileReference; explicitFileType = "compiled.mach-o.executable"; includeInIndex = 0; path = Bai10; sourceTree = BUILT_PRODUCTS_DIR; };
		E7671B081E5B2AF900D33388 /* main.cpp */ = {isa = PBXFileReference; lastKnownFileType = sourcecode.cpp.cpp; path = main.cpp; sourceTree = "<group>"; };
/* End PBXFileReference section */

/* Begin PBXFrameworksBuildPhase section */
		E7671B021E5B2AF800D33388 /* Frameworks */ = {
			isa = PBXFrameworksBuildPhase;
			buildActionMask = 2147483647;
			files = (
			);
			runOnlyForDeploymentPostprocessing = 0;
		};
/* End PBXFrameworksBuildPhase section */

/* Begin PBXGroup section */
		E7671AFC1E5B2AF800D33388 = {
			isa = PBXGroup;
			children = (
				E7671B071E5B2AF900D33388 /* Bai10 */,
				E7671B061E5B2AF900D33388 /* Products */,
			);
			sourceTree = "<group>";
		};
		E7671B061E5B2AF900D33388 /* Products */ = {
			isa = PBXGroup;
			children = (
				E7671B051E5B2AF900D33388 /* Bai10 */,
			);
			name = Products;
			sourceTree = "<group>";
		};
		E7671B071E5B2AF900D33388 /* Bai10 */ = {
			isa = PBXGroup;
			children = (
				E7671B081E5B2AF900D33388 /* main.cpp */,
			);
			path = Bai10;
			sourceTree = "<group>";
		};
/* End PBXGroup section */

/* Begin PBXNativeTarget section */
		E7671B041E5B2AF800D33388 /* Bai10 */ = {
			isa = PBXNativeTarget;
			buildConfigurationList = E7671B0C1E5B2AF900D33388 /* Build configuration list for PBXNativeTarget "Bai10" */;
			buildPhases = (
				E7671B011E5B2AF800D33388 /* Sources */,
				E7671B021E5B2AF800D33388 /* Frameworks */,
				E7671B031E5B2AF800D33388 /* CopyFiles */,
			);
			buildRules = (
			);
			dependencies = (
			);
			name = Bai10;
			productName = Bai10;
			productReference = E7671B051E5B2AF900D33388 /* Bai10 */;
			productType = "com.apple.product-type.tool";
		};
/* End PBXNativeTarget section */

/* Begin PBXProject section */
		E7671AFD1E5B2AF800D33388 /* Project object */ = {
			isa = PBXProject;
			attributes = {
				LastUpgradeCheck = 0820;
				ORGANIZATIONNAME = Son.IO;
				TargetAttributes = {
					E7671B041E5B2AF800D33388 = {
						CreatedOnToolsVersion = 8.2.1;
						ProvisioningStyle = Automatic;
					};
				};
			};
			buildConfigurationList = E7671B001E5B2AF800D33388 /* Build configuration list for PBXProject "Bai10" */;
			compatibilityVersion = "Xcode 3.2";
			developmentRegion = English;
			hasScannedForEncodings = 0;
			knownRegions = (
				en,
			);
			mainGroup = E7671AFC1E5B2AF800D33388;
			productRefGroup = E7671B061E5B2AF900D33388 /* Products */;
			projectDirPath = "";
			projectRoot = "";
			targets = (
				E7671B041E5B2AF800D33388 /* Bai10 */,
			);
		};
/* End PBXProject section */

/* Begin PBXSourcesBuildPhase section */
		E7671B011E5B2AF800D33388 /* Sources */ = {
			isa = PBXSourcesBuildPhase;
			buildActionMask = 2147483647;
			files = (
				E7671B091E5B2AF900D33388 /* main.cpp in Sources */,
			);
			runOnlyForDeploymentPostprocessing = 0;
		};
/* End PBXSourcesBuildPhase section */

/* Begin XCBuildConfiguration section */
		E7671B0A1E5B2AF900D33388 /* Debug */ = {
			isa = XCBuildConfiguration;
			buildSettings = {
				ALWAYS_SEARCH_USER_PATHS = NO;
				CLANG_ANALYZER_NONNULL = YES;
				CLANG_CXX_LANGUAGE_STANDARD = "gnu++0x";
				CLANG_CXX_LIBRARY = "libc++";
				CLANG_ENABLE_MODULES = YES;
				CLANG_ENABLE_OBJC_ARC = YES;
				CLANG_WARN_BOOL_CONVERSION = YES;
				CLANG_WARN_CONSTANT_CONVERSION = YES;
				CLANG_WARN_DIRECT_OBJC_ISA_USAGE = YES_ERROR;
				CLANG_WARN_DOCUMENTATION_COMMENTS = YES;
				CLANG_WARN_EMPTY_BODY = YES;
				CLANG_WARN_ENUM_CONVERSION = YES;
				CLANG_WARN_INFINITE_RECURSION = YES;
				CLANG_WARN_INT_CONVERSION = YES;
				CLANG_WARN_OBJC_ROOT_CLASS = YES_ERROR;
				CLANG_WARN_SUSPICIOUS_MOVE = YES;
				CLANG_WARN_UNREACHABLE_CODE = YES;
				CLANG_WARN__DUPLICATE_METHOD_MATCH = YES;
				CODE_SIGN_IDENTITY = "-";
				COPY_PHASE_STRIP = NO;
				DEBUG_INFORMATION_FORMAT = dwarf;
				ENABLE_STRICT_OBJC_MSGSEND = YES;
				ENABLE_TESTABILITY = YES;
				GCC_C_LANGUAGE_STANDARD = gnu99;
				GCC_DYNAMIC_NO_PIC = NO;
				GCC_NO_COMMON_BLOCKS = YES;
				GCC_OPTIMIZATION_LEVEL = 0;
				GCC_PREPROCESSOR_DEFINITIONS = (
					"DEBUG=1",
					"$(inherited)",
				);
				GCC_WARN_64_TO_32_BIT_CONVERSION = YES;
				GCC_WARN_ABOUT_RETURN_TYPE = YES_ERROR;
				GCC_WARN_UNDECLARED_SELECTOR = YES;
				GCC_WARN_UNINITIALIZED_AUTOS = YES_AGGRESSIVE;
				GCC_WARN_UNUSED_FUNCTION = YES;
				GCC_WARN_UNUSED_VARIABLE = YES;
				MACOSX_DEPLOYMENT_TARGET = 10.12;
				MTL_ENABLE_DEBUG_INFO = YES;
				ONLY_ACTIVE_ARCH = YES;
				SDKROOT = macosx;
			};
			name = Debug;
		};
		E7671B0B1E5B2AF900D33388 /* Release */ = {
			isa = XCBuildConfiguration;
			buildSettings = {
				ALWAYS_SEARCH_USER_PATHS = NO;
				CLANG_ANALYZER_NONNULL = YES;
				CLANG_CXX_LANGUAGE_STANDARD = "gnu++0x";
				CLANG_CXX_LIBRARY = "libc++";
				CLANG_ENABLE_MODULES = YES;
				CLANG_ENABLE_OBJC_ARC = YES;
				CLANG_WARN_BOOL_CONVERSION = YES;
				CLANG_WARN_CONSTANT_CONVERSION = YES;
				CLANG_WARN_DIRECT_OBJC_ISA_USAGE = YES_ERROR;
				CLANG_WARN_DOCUMENTATION_COMMENTS = YES;
				CLANG_WARN_EMPTY_BODY = YES;
				CLANG_WARN_ENUM_CONVERSION = YES;
				CLANG_WARN_INFINITE_RECURSION = YES;
				CLANG_WARN_INT_CONVERSION = YES;
				CLANG_WARN_OBJC_ROOT_CLASS = YES_ERROR;
				CLANG_WARN_SUSPICIOUS_MOVE = YES;
				CLANG_WARN_UNREACHABLE_CODE = YES;
				CLANG_WARN__DUPLICATE_METHOD_MATCH = YES;
				CODE_SIGN_IDENTITY = "-";
				COPY_PHASE_STRIP = NO;
				DEBUG_INFORMATION_FORMAT = "dwarf-with-dsym";
				ENABLE_NS_ASSERTIONS = NO;
				ENABLE_STRICT_OBJC_MSGSEND = YES;
				GCC_C_LANGUAGE_STANDARD = gnu99;
				GCC_NO_COMMON_BLOCKS = YES;
				GCC_WARN_64_TO_32_BIT_CONVERSION = YES;
				GCC_WARN_ABOUT_RETURN_TYPE = YES_ERROR;
				GCC_WARN_UNDECLARED_SELECTOR = YES;
				GCC_WARN_UNINITIALIZED_AUTOS = YES_AGGRESSIVE;
				GCC_WARN_UNUSED_FUNCTION = YES;
				GCC_WARN_UNUSED_VARIABLE = YES;
				MACOSX_DEPLOYMENT_TARGET = 10.12;
				MTL_ENABLE_DEBUG_INFO = NO;
				SDKROOT = macosx;
			};
			name = Release;
		};
		E7671B0D1E5B2AF900D33388 /* Debug */ = {
			isa = XCBuildConfiguration;
			buildSettings = {
				PRODUCT_NAME = "$(TARGET_NAME)";
			};
			name = Debug;
		};
		E7671B0E1E5B2AF900D33388 /* Release */ = {
			isa = XCBuildConfiguration;
			buildSettings = {
				PRODUCT_NAME = "$(TARGET_NAME)";
			};
			name = Release;
		};
/* End XCBuildConfiguration section */

/* Begin XCConfigurationList section */
		E7671B001E5B2AF800D33388 /* Build configuration list for PBXProject "Bai10" */ = {
			isa = XCConfigurationList;
			buildConfigurations = (
				E7671B0A1E5B2AF900D33388 /* Debug */,
				E7671B0B1E5B2AF900D33388 /* Release */,
			);
			defaultConfigurationIsVisible = 0;
			defaultConfigurationName = Release;
		};
		E7671B0C1E5B2AF900D33388 /* Build configuration list for PBXNativeTarget "Bai10" */ = {
			isa = XCConfigurationList;
			buildConfigurations = (
				E7671B0D1E5B2AF900D33388 /* Debug */,
				E7671B0E1E5B2AF900D33388 /* Release */,
			);
			defaultConfigurationIsVisible = 0;
		};
/* End XCConfigurationList section */
	};
	rootObject = E7671AFD1E5B2AF800D33388 /* Project object */;
}
